// !$*UTF8*$!
{
	archiveVersion = 1;
	classes = {
	};
	objectVersion = 56;
	objects = {

/* Begin PBXBuildFile section */
		8A6845F9297E889500453D59 /* ba_swiftApp.swift in Sources */ = {isa = PBXBuildFile; fileRef = 8A6845F8297E889500453D59 /* ba_swiftApp.swift */; };
		8A6845FB297E889500453D59 /* ContentView.swift in Sources */ = {isa = PBXBuildFile; fileRef = 8A6845FA297E889500453D59 /* ContentView.swift */; };
		8A6845FD297E889600453D59 /* Assets.xcassets in Resources */ = {isa = PBXBuildFile; fileRef = 8A6845FC297E889600453D59 /* Assets.xcassets */; };
		8A684600297E889600453D59 /* Preview Assets.xcassets in Resources */ = {isa = PBXBuildFile; fileRef = 8A6845FF297E889600453D59 /* Preview Assets.xcassets */; };
		8A684608297E892A00453D59 /* ViewMenuCard.swift in Sources */ = {isa = PBXBuildFile; fileRef = 8A684607297E892A00453D59 /* ViewMenuCard.swift */; };
		8A68460A297E894700453D59 /* ViewContact.swift in Sources */ = {isa = PBXBuildFile; fileRef = 8A684609297E894700453D59 /* ViewContact.swift */; };
		8A68460E297E9C7B00453D59 /* ViewDrinks.swift in Sources */ = {isa = PBXBuildFile; fileRef = 8A68460D297E9C7B00453D59 /* ViewDrinks.swift */; };
		8A684616297EBBDE00453D59 /* Model.swift in Sources */ = {isa = PBXBuildFile; fileRef = 8A684615297EBBDE00453D59 /* Model.swift */; };
/* End PBXBuildFile section */

/* Begin PBXFileReference section */
		8A6845F5297E889500453D59 /* ba-swift.app */ = {isa = PBXFileReference; explicitFileType = wrapper.application; includeInIndex = 0; path = "ba-swift.app"; sourceTree = BUILT_PRODUCTS_DIR; };
		8A6845F8297E889500453D59 /* ba_swiftApp.swift */ = {isa = PBXFileReference; lastKnownFileType = sourcecode.swift; path = ba_swiftApp.swift; sourceTree = "<group>"; };
		8A6845FA297E889500453D59 /* ContentView.swift */ = {isa = PBXFileReference; lastKnownFileType = sourcecode.swift; path = ContentView.swift; sourceTree = "<group>"; };
		8A6845FC297E889600453D59 /* Assets.xcassets */ = {isa = PBXFileReference; lastKnownFileType = folder.assetcatalog; path = Assets.xcassets; sourceTree = "<group>"; };
		8A6845FF297E889600453D59 /* Preview Assets.xcassets */ = {isa = PBXFileReference; lastKnownFileType = folder.assetcatalog; path = "Preview Assets.xcassets"; sourceTree = "<group>"; };
		8A684607297E892A00453D59 /* ViewMenuCard.swift */ = {isa = PBXFileReference; lastKnownFileType = sourcecode.swift; path = ViewMenuCard.swift; sourceTree = "<group>"; };
		8A684609297E894700453D59 /* ViewContact.swift */ = {isa = PBXFileReference; lastKnownFileType = sourcecode.swift; path = ViewContact.swift; sourceTree = "<group>"; };
		8A68460D297E9C7B00453D59 /* ViewDrinks.swift */ = {isa = PBXFileReference; lastKnownFileType = sourcecode.swift; path = ViewDrinks.swift; sourceTree = "<group>"; };
		8A684615297EBBDE00453D59 /* Model.swift */ = {isa = PBXFileReference; lastKnownFileType = sourcecode.swift; path = Model.swift; sourceTree = "<group>"; };
		8ABCAEAA2980589B002BD139 /* Info.plist */ = {isa = PBXFileReference; lastKnownFileType = text.plist; path = Info.plist; sourceTree = "<group>"; };
/* End PBXFileReference section */

/* Begin PBXFrameworksBuildPhase section */
		8A6845F2297E889500453D59 /* Frameworks */ = {
			isa = PBXFrameworksBuildPhase;
			buildActionMask = 2147483647;
			files = (
			);
			runOnlyForDeploymentPostprocessing = 0;
		};
/* End PBXFrameworksBuildPhase section */

/* Begin PBXGroup section */
		8A6845EC297E889500453D59 = {
			isa = PBXGroup;
			children = (
				8A6845F7297E889500453D59 /* ba-swift */,
				8A6845F6297E889500453D59 /* Products */,
			);
			sourceTree = "<group>";
		};
		8A6845F6297E889500453D59 /* Products */ = {
			isa = PBXGroup;
			children = (
				8A6845F5297E889500453D59 /* ba-swift.app */,
			);
			name = Products;
			sourceTree = "<group>";
		};
		8A6845F7297E889500453D59 /* ba-swift */ = {
			isa = PBXGroup;
			children = (
				8ABCAEAA2980589B002BD139 /* Info.plist */,
				8A684606297E88FE00453D59 /* Views */,
				8A6845F8297E889500453D59 /* ba_swiftApp.swift */,
				8A6845FA297E889500453D59 /* ContentView.swift */,
				8A6845FC297E889600453D59 /* Assets.xcassets */,
				8A6845FE297E889600453D59 /* Preview Content */,
			);
			path = "ba-swift";
			sourceTree = "<group>";
		};
		8A6845FE297E889600453D59 /* Preview Content */ = {
			isa = PBXGroup;
			children = (
				8A6845FF297E889600453D59 /* Preview Assets.xcassets */,
			);
			path = "Preview Content";
			sourceTree = "<group>";
		};
		8A684606297E88FE00453D59 /* Views */ = {
			isa = PBXGroup;
			children = (
				8A684607297E892A00453D59 /* ViewMenuCard.swift */,
				8A68460D297E9C7B00453D59 /* ViewDrinks.swift */,
				8A684615297EBBDE00453D59 /* Model.swift */,
				8A684609297E894700453D59 /* ViewContact.swift */,
			);
			path = Views;
			sourceTree = "<group>";
		};
/* End PBXGroup section */

/* Begin PBXNativeTarget section */
		8A6845F4297E889500453D59 /* ba-swift */ = {
			isa = PBXNativeTarget;
			buildConfigurationList = 8A684603297E889600453D59 /* Build configuration list for PBXNativeTarget "ba-swift" */;
			buildPhases = (
				8A6845F1297E889500453D59 /* Sources */,
				8A6845F2297E889500453D59 /* Frameworks */,
				8A6845F3297E889500453D59 /* Resources */,
			);
			buildRules = (
			);
			dependencies = (
			);
			name = "ba-swift";
			productName = "ba-swift";
			productReference = 8A6845F5297E889500453D59 /* ba-swift.app */;
			productType = "com.apple.product-type.application";
		};
/* End PBXNativeTarget section */

/* Begin PBXProject section */
		8A6845ED297E889500453D59 /* Project object */ = {
			isa = PBXProject;
			attributes = {
				BuildIndependentTargetsInParallel = 1;
				LastSwiftUpdateCheck = 1420;
				LastUpgradeCheck = 1420;
				TargetAttributes = {
					8A6845F4297E889500453D59 = {
						CreatedOnToolsVersion = 14.2;
					};
				};
			};
			buildConfigurationList = 8A6845F0297E889500453D59 /* Build configuration list for PBXProject "ba-swift" */;
			compatibilityVersion = "Xcode 14.0";
			developmentRegion = en;
			hasScannedForEncodings = 0;
			knownRegions = (
				en,
				Base,
			);
			mainGroup = 8A6845EC297E889500453D59;
			productRefGroup = 8A6845F6297E889500453D59 /* Products */;
			projectDirPath = "";
			projectRoot = "";
			targets = (
				8A6845F4297E889500453D59 /* ba-swift */,
			);
		};
/* End PBXProject section */

/* Begin PBXResourcesBuildPhase section */
		8A6845F3297E889500453D59 /* Resources */ = {
			isa = PBXResourcesBuildPhase;
			buildActionMask = 2147483647;
			files = (
				8A684600297E889600453D59 /* Preview Assets.xcassets in Resources */,
				8A6845FD297E889600453D59 /* Assets.xcassets in Resources */,
			);
			runOnlyForDeploymentPostprocessing = 0;
		};
/* End PBXResourcesBuildPhase section */

/* Begin PBXSourcesBuildPhase section */
		8A6845F1297E889500453D59 /* Sources */ = {
			isa = PBXSourcesBuildPhase;
			buildActionMask = 2147483647;
			files = (
				8A6845FB297E889500453D59 /* ContentView.swift in Sources */,
				8A6845F9297E889500453D59 /* ba_swiftApp.swift in Sources */,
				8A684608297E892A00453D59 /* ViewMenuCard.swift in Sources */,
				8A684616297EBBDE00453D59 /* Model.swift in Sources */,
				8A68460A297E894700453D59 /* ViewContact.swift in Sources */,
				8A68460E297E9C7B00453D59 /* ViewDrinks.swift in Sources */,
			);
			runOnlyForDeploymentPostprocessing = 0;
		};
/* End PBXSourcesBuildPhase section */

/* Begin XCBuildConfiguration section */
		8A684601297E889600453D59 /* Debug */ = {
			isa = XCBuildConfiguration;
			buildSettings = {
				ALWAYS_SEARCH_USER_PATHS = NO;
				CLANG_ANALYZER_NONNULL = YES;
				CLANG_ANALYZER_NUMBER_OBJECT_CONVERSION = YES_AGGRESSIVE;
				CLANG_CXX_LANGUAGE_STANDARD = "gnu++20";
				CLANG_ENABLE_MODULES = YES;
				CLANG_ENABLE_OBJC_ARC = YES;
				CLANG_ENABLE_OBJC_WEAK = YES;
				CLANG_WARN_BLOCK_CAPTURE_AUTORELEASING = YES;
				CLANG_WARN_BOOL_CONVERSION = YES;
				CLANG_WARN_COMMA = YES;
				CLANG_WARN_CONSTANT_CONVERSION = YES;
				CLANG_WARN_DEPRECATED_OBJC_IMPLEMENTATIONS = YES;
				CLANG_WARN_DIRECT_OBJC_ISA_USAGE = YES_ERROR;
				CLANG_WARN_DOCUMENTATION_COMMENTS = YES;
				CLANG_WARN_EMPTY_BODY = YES;
				CLANG_WARN_ENUM_CONVERSION = YES;
				CLANG_WARN_INFINITE_RECURSION = YES;
				CLANG_WARN_INT_CONVERSION = YES;
				CLANG_WARN_NON_LITERAL_NULL_CONVERSION = YES;
				CLANG_WARN_OBJC_IMPLICIT_RETAIN_SELF = YES;
				CLANG_WARN_OBJC_LITERAL_CONVERSION = YES;
				CLANG_WARN_OBJC_ROOT_CLASS = YES_ERROR;
				CLANG_WARN_QUOTED_INCLUDE_IN_FRAMEWORK_HEADER = YES;
				CLANG_WARN_RANGE_LOOP_ANALYSIS = YES;
				CLANG_WARN_STRICT_PROTOTYPES = YES;
				CLANG_WARN_SUSPICIOUS_MOVE = YES;
				CLANG_WARN_UNGUARDED_AVAILABILITY = YES_AGGRESSIVE;
				CLANG_WARN_UNREACHABLE_CODE = YES;
				CLANG_WARN__DUPLICATE_METHOD_MATCH = YES;
				COPY_PHASE_STRIP = NO;
				DEBUG_INFORMATION_FORMAT = dwarf;
				ENABLE_STRICT_OBJC_MSGSEND = YES;
				ENABLE_TESTABILITY = YES;
				GCC_C_LANGUAGE_STANDARD = gnu11;
				GCC_DYNAMIC_NO_PIC = NO;
				GCC_NO_COMMON_BLOCKS = YES;
				GCC_OPTIMIZATION_LEVEL = 0;
				GCC_PREPROCESSOR_DEFINITIONS = (
					"DEBUG=1",
					"$(inherited)",
				);
				GCC_WARN_64_TO_32_BIT_CONVERSION = YES;
				GCC_WARN_ABOUT_RETURN_TYPE = YES_ERROR;
				GCC_WARN_UNDECLARED_SELECTOR = YES;
				GCC_WARN_UNINITIALIZED_AUTOS = YES_AGGRESSIVE;
				GCC_WARN_UNUSED_FUNCTION = YES;
				GCC_WARN_UNUSED_VARIABLE = YES;
				IPHONEOS_DEPLOYMENT_TARGET = 16.2;
				MTL_ENABLE_DEBUG_INFO = INCLUDE_SOURCE;
				MTL_FAST_MATH = YES;
				ONLY_ACTIVE_ARCH = YES;
				SDKROOT = iphoneos;
				SWIFT_ACTIVE_COMPILATION_CONDITIONS = DEBUG;
				SWIFT_OPTIMIZATION_LEVEL = "-Onone";
			};
			name = Debug;
		};
		8A684602297E889600453D59 /* Release */ = {
			isa = XCBuildConfiguration;
			buildSettings = {
				ALWAYS_SEARCH_USER_PATHS = NO;
				CLANG_ANALYZER_NONNULL = YES;
				CLANG_ANALYZER_NUMBER_OBJECT_CONVERSION = YES_AGGRESSIVE;
				CLANG_CXX_LANGUAGE_STANDARD = "gnu++20";
				CLANG_ENABLE_MODULES = YES;
				CLANG_ENABLE_OBJC_ARC = YES;
				CLANG_ENABLE_OBJC_WEAK = YES;
				CLANG_WARN_BLOCK_CAPTURE_AUTORELEASING = YES;
				CLANG_WARN_BOOL_CONVERSION = YES;
				CLANG_WARN_COMMA = YES;
				CLANG_WARN_CONSTANT_CONVERSION = YES;
				CLANG_WARN_DEPRECATED_OBJC_IMPLEMENTATIONS = YES;
				CLANG_WARN_DIRECT_OBJC_ISA_USAGE = YES_ERROR;
				CLANG_WARN_DOCUMENTATION_COMMENTS = YES;
				CLANG_WARN_EMPTY_BODY = YES;
				CLANG_WARN_ENUM_CONVERSION = YES;
				CLANG_WARN_INFINITE_RECURSION = YES;
				CLANG_WARN_INT_CONVERSION = YES;
				CLANG_WARN_NON_LITERAL_NULL_CONVERSION = YES;
				CLANG_WARN_OBJC_IMPLICIT_RETAIN_SELF = YES;
				CLANG_WARN_OBJC_LITERAL_CONVERSION = YES;
				CLANG_WARN_OBJC_ROOT_CLASS = YES_ERROR;
				CLANG_WARN_QUOTED_INCLUDE_IN_FRAMEWORK_HEADER = YES;
				CLANG_WARN_RANGE_LOOP_ANALYSIS = YES;
				CLANG_WARN_STRICT_PROTOTYPES = YES;
				CLANG_WARN_SUSPICIOUS_MOVE = YES;
				CLANG_WARN_UNGUARDED_AVAILABILITY = YES_AGGRESSIVE;
				CLANG_WARN_UNREACHABLE_CODE = YES;
				CLANG_WARN__DUPLICATE_METHOD_MATCH = YES;
				COPY_PHASE_STRIP = NO;
				DEBUG_INFORMATION_FORMAT = "dwarf-with-dsym";
				ENABLE_NS_ASSERTIONS = NO;
				ENABLE_STRICT_OBJC_MSGSEND = YES;
				GCC_C_LANGUAGE_STANDARD = gnu11;
				GCC_NO_COMMON_BLOCKS = YES;
				GCC_WARN_64_TO_32_BIT_CONVERSION = YES;
				GCC_WARN_ABOUT_RETURN_TYPE = YES_ERROR;
				GCC_WARN_UNDECLARED_SELECTOR = YES;
				GCC_WARN_UNINITIALIZED_AUTOS = YES_AGGRESSIVE;
				GCC_WARN_UNUSED_FUNCTION = YES;
				GCC_WARN_UNUSED_VARIABLE = YES;
				IPHONEOS_DEPLOYMENT_TARGET = 16.2;
				MTL_ENABLE_DEBUG_INFO = NO;
				MTL_FAST_MATH = YES;
				SDKROOT = iphoneos;
				SWIFT_COMPILATION_MODE = wholemodule;
				SWIFT_OPTIMIZATION_LEVEL = "-O";
				VALIDATE_PRODUCT = YES;
			};
			name = Release;
		};
		8A684604297E889600453D59 /* Debug */ = {
			isa = XCBuildConfiguration;
			buildSettings = {
				ASSETCATALOG_COMPILER_APPICON_NAME = AppIcon;
				ASSETCATALOG_COMPILER_GLOBAL_ACCENT_COLOR_NAME = AccentColor;
				CODE_SIGN_STYLE = Automatic;
				CURRENT_PROJECT_VERSION = 1;
				DEVELOPMENT_ASSET_PATHS = "\"ba-swift/Preview Content\"";
				DEVELOPMENT_TEAM = LN2679M6S2;
				ENABLE_PREVIEWS = YES;
				GENERATE_INFOPLIST_FILE = YES;
				INFOPLIST_FILE = "ba-swift/Info.plist";
				INFOPLIST_KEY_UIApplicationSceneManifest_Generation = YES;
				INFOPLIST_KEY_UIApplicationSupportsIndirectInputEvents = YES;
				INFOPLIST_KEY_UILaunchScreen_Generation = YES;
				INFOPLIST_KEY_UIStatusBarStyle = UIStatusBarStyleLightContent;
				INFOPLIST_KEY_UISupportedInterfaceOrientations_iPad = "UIInterfaceOrientationPortrait UIInterfaceOrientationPortraitUpsideDown UIInterfaceOrientationLandscapeLeft UIInterfaceOrientationLandscapeRight";
				INFOPLIST_KEY_UISupportedInterfaceOrientations_iPhone = "UIInterfaceOrientationPortrait UIInterfaceOrientationLandscapeLeft UIInterfaceOrientationLandscapeRight";
				LD_RUNPATH_SEARCH_PATHS = (
					"$(inherited)",
					"@executable_path/Frameworks",
				);
				MARKETING_VERSION = 1.0;
				PRODUCT_BUNDLE_IDENTIFIER = "com.example.ba-swift";
				PRODUCT_NAME = "$(TARGET_NAME)";
				SWIFT_EMIT_LOC_STRINGS = YES;
				SWIFT_VERSION = 5.0;
				TARGETED_DEVICE_FAMILY = "1,2";
			};
			name = Debug;
		};
		8A684605297E889600453D59 /* Release */ = {
			isa = XCBuildConfiguration;
			buildSettings = {
				ASSETCATALOG_COMPILER_APPICON_NAME = AppIcon;
				ASSETCATALOG_COMPILER_GLOBAL_ACCENT_COLOR_NAME = AccentColor;
				CODE_SIGN_STYLE = Automatic;
				CURRENT_PROJECT_VERSION = 1;
				DEVELOPMENT_ASSET_PATHS = "\"ba-swift/Preview Content\"";
				DEVELOPMENT_TEAM = LN2679M6S2;
				ENABLE_PREVIEWS = YES;
				GENERATE_INFOPLIST_FILE = YES;
				INFOPLIST_FILE = "ba-swift/Info.plist";
				INFOPLIST_KEY_UIApplicationSceneManifest_Generation = YES;
				INFOPLIST_KEY_UIApplicationSupportsIndirectInputEvents = YES;
				INFOPLIST_KEY_UILaunchScreen_Generation = YES;
				INFOPLIST_KEY_UIStatusBarStyle = UIStatusBarStyleLightContent;
				INFOPLIST_KEY_UISupportedInterfaceOrientations_iPad = "UIInterfaceOrientationPortrait UIInterfaceOrientationPortraitUpsideDown UIInterfaceOrientationLandscapeLeft UIInterfaceOrientationLandscapeRight";
				INFOPLIST_KEY_UISupportedInterfaceOrientations_iPhone = "UIInterfaceOrientationPortrait UIInterfaceOrientationLandscapeLeft UIInterfaceOrientationLandscapeRight";
				LD_RUNPATH_SEARCH_PATHS = (
					"$(inherited)",
					"@executable_path/Frameworks",
				);
				MARKETING_VERSION = 1.0;
				PRODUCT_BUNDLE_IDENTIFIER = "com.example.ba-swift";
				PRODUCT_NAME = "$(TARGET_NAME)";
				SWIFT_EMIT_LOC_STRINGS = YES;
				SWIFT_VERSION = 5.0;
				TARGETED_DEVICE_FAMILY = "1,2";
			};
			name = Release;
		};
/* End XCBuildConfiguration section */

/* Begin XCConfigurationList section */
		8A6845F0297E889500453D59 /* Build configuration list for PBXProject "ba-swift" */ = {
			isa = XCConfigurationList;
			buildConfigurations = (
				8A684601297E889600453D59 /* Debug */,
				8A684602297E889600453D59 /* Release */,
			);
			defaultConfigurationIsVisible = 0;
			defaultConfigurationName = Release;
		};
		8A684603297E889600453D59 /* Build configuration list for PBXNativeTarget "ba-swift" */ = {
			isa = XCConfigurationList;
			buildConfigurations = (
				8A684604297E889600453D59 /* Debug */,
				8A684605297E889600453D59 /* Release */,
			);
			defaultConfigurationIsVisible = 0;
			defaultConfigurationName = Release;
		};
/* End XCConfigurationList section */
	};
	rootObject = 8A6845ED297E889500453D59 /* Project object */;
}
